
Microsoft Visual Studio Solution File, Format Version 10.00
# Visual C# Express 2008
Project("{FAE04EC0-301F-11D3-BF4B-00C04F79EFBC}") = "ImageManipulationTest", "ImageManipulation\ImageManipulationTest.csproj", "{6E18920F-C61F-430B-AF29-8767A1D90D27}"
EndProject
Project("{FAE04EC0-301F-11D3-BF4B-00C04F79EFBC}") = "ImageManipulation", "ClassLibrary1\ImageManipulation.csproj", "{8553EFEE-85B6-4F5E-9DDF-92E3E73C3B64}"
EndProject
Global
	GlobalSection(SolutionConfigurationPlatforms) = preSolution
		Debug|Any CPU = Debug|Any CPU
		Release|Any CPU = Release|Any CPU
	EndGlobalSection
	GlobalSection(ProjectConfigurationPlatforms) = postSolution
		{6E18920F-C61F-430B-AF29-8767A1D90D27}.Debug|Any CPU.ActiveCfg = Debug|Any CPU
		{6E18920F-C61F-430B-AF29-8767A1D90D27}.Debug|Any CPU.Build.0 = Debug|Any CPU
		{6E18920F-C61F-430B-AF29-8767A1D90D27}.Release|Any CPU.ActiveCfg = Release|Any CPU
		{6E18920F-C61F-430B-AF29-8767A1D90D27}.Release|Any CPU.Build.0 = Release|Any CPU
		{8553EFEE-85B6-4F5E-9DDF-92E3E73C3B64}.Debug|Any CPU.ActiveCfg = Debug|Any CPU
		{8553EFEE-85B6-4F5E-9DDF-92E3E73C3B64}.Debug|Any CPU.Build.0 = Debug|Any CPU
		{8553EFEE-85B6-4F5E-9DDF-92E3E73C3B64}.Release|Any CPU.ActiveCfg = Release|Any CPU
		{8553EFEE-85B6-4F5E-9DDF-92E3E73C3B64}.Release|Any CPU.Build.0 = Release|Any CPU
	EndGlobalSection
	GlobalSection(SolutionProperties) = preSolution
		HideSolutionNode = FALSE
	EndGlobalSection
EndGlobal
